// !$*UTF8*$!
{
	archiveVersion = 1;
	classes = {
	};
	objectVersion = 56;
	objects = {

/* Begin PBXBuildFile section */
		EBC2C8B72A81E61E008B0DB1 /* AppDelegate.swift in Sources */ = {isa = PBXBuildFile; fileRef = EBC2C8B62A81E61E008B0DB1 /* AppDelegate.swift */; };
		EBC2C8B92A81E61E008B0DB1 /* SceneDelegate.swift in Sources */ = {isa = PBXBuildFile; fileRef = EBC2C8B82A81E61E008B0DB1 /* SceneDelegate.swift */; };
		EBC2C8BB2A81E61E008B0DB1 /* ViewController.swift in Sources */ = {isa = PBXBuildFile; fileRef = EBC2C8BA2A81E61E008B0DB1 /* ViewController.swift */; };
		EBC2C8BE2A81E61E008B0DB1 /* Main.storyboard in Resources */ = {isa = PBXBuildFile; fileRef = EBC2C8BC2A81E61E008B0DB1 /* Main.storyboard */; };
		EBC2C8C02A81E623008B0DB1 /* Assets.xcassets in Resources */ = {isa = PBXBuildFile; fileRef = EBC2C8BF2A81E623008B0DB1 /* Assets.xcassets */; };
		EBC2C8C32A81E623008B0DB1 /* LaunchScreen.storyboard in Resources */ = {isa = PBXBuildFile; fileRef = EBC2C8C12A81E623008B0DB1 /* LaunchScreen.storyboard */; };
		EBC2C8CE2A81E623008B0DB1 /* BMITests.swift in Sources */ = {isa = PBXBuildFile; fileRef = EBC2C8CD2A81E623008B0DB1 /* BMITests.swift */; };
		EBC2C8D82A81E623008B0DB1 /* BMIUITests.swift in Sources */ = {isa = PBXBuildFile; fileRef = EBC2C8D72A81E623008B0DB1 /* BMIUITests.swift */; };
		EBC2C8DA2A81E623008B0DB1 /* BMIUITestsLaunchTests.swift in Sources */ = {isa = PBXBuildFile; fileRef = EBC2C8D92A81E623008B0DB1 /* BMIUITestsLaunchTests.swift */; };
		EBC2C8E72A81E8B9008B0DB1 /* BMIViewController.swift in Sources */ = {isa = PBXBuildFile; fileRef = EBC2C8E62A81E8B9008B0DB1 /* BMIViewController.swift */; };
/* End PBXBuildFile section */

/* Begin PBXContainerItemProxy section */
		EBC2C8CA2A81E623008B0DB1 /* PBXContainerItemProxy */ = {
			isa = PBXContainerItemProxy;
			containerPortal = EBC2C8AB2A81E61E008B0DB1 /* Project object */;
			proxyType = 1;
			remoteGlobalIDString = EBC2C8B22A81E61E008B0DB1;
			remoteInfo = BMI;
		};
		EBC2C8D42A81E623008B0DB1 /* PBXContainerItemProxy */ = {
			isa = PBXContainerItemProxy;
			containerPortal = EBC2C8AB2A81E61E008B0DB1 /* Project object */;
			proxyType = 1;
			remoteGlobalIDString = EBC2C8B22A81E61E008B0DB1;
			remoteInfo = BMI;
		};
/* End PBXContainerItemProxy section */

/* Begin PBXFileReference section */
		EBC2C8B32A81E61E008B0DB1 /* BMI.app */ = {isa = PBXFileReference; explicitFileType = wrapper.application; includeInIndex = 0; path = BMI.app; sourceTree = BUILT_PRODUCTS_DIR; };
		EBC2C8B62A81E61E008B0DB1 /* AppDelegate.swift */ = {isa = PBXFileReference; lastKnownFileType = sourcecode.swift; path = AppDelegate.swift; sourceTree = "<group>"; };
		EBC2C8B82A81E61E008B0DB1 /* SceneDelegate.swift */ = {isa = PBXFileReference; lastKnownFileType = sourcecode.swift; path = SceneDelegate.swift; sourceTree = "<group>"; };
		EBC2C8BA2A81E61E008B0DB1 /* ViewController.swift */ = {isa = PBXFileReference; lastKnownFileType = sourcecode.swift; path = ViewController.swift; sourceTree = "<group>"; };
		EBC2C8BD2A81E61E008B0DB1 /* Base */ = {isa = PBXFileReference; lastKnownFileType = file.storyboard; name = Base; path = Base.lproj/Main.storyboard; sourceTree = "<group>"; };
		EBC2C8BF2A81E623008B0DB1 /* Assets.xcassets */ = {isa = PBXFileReference; lastKnownFileType = folder.assetcatalog; path = Assets.xcassets; sourceTree = "<group>"; };
		EBC2C8C22A81E623008B0DB1 /* Base */ = {isa = PBXFileReference; lastKnownFileType = file.storyboard; name = Base; path = Base.lproj/LaunchScreen.storyboard; sourceTree = "<group>"; };
		EBC2C8C42A81E623008B0DB1 /* Info.plist */ = {isa = PBXFileReference; lastKnownFileType = text.plist.xml; path = Info.plist; sourceTree = "<group>"; };
		EBC2C8C92A81E623008B0DB1 /* BMITests.xctest */ = {isa = PBXFileReference; explicitFileType = wrapper.cfbundle; includeInIndex = 0; path = BMITests.xctest; sourceTree = BUILT_PRODUCTS_DIR; };
		EBC2C8CD2A81E623008B0DB1 /* BMITests.swift */ = {isa = PBXFileReference; lastKnownFileType = sourcecode.swift; path = BMITests.swift; sourceTree = "<group>"; };
		EBC2C8D32A81E623008B0DB1 /* BMIUITests.xctest */ = {isa = PBXFileReference; explicitFileType = wrapper.cfbundle; includeInIndex = 0; path = BMIUITests.xctest; sourceTree = BUILT_PRODUCTS_DIR; };
		EBC2C8D72A81E623008B0DB1 /* BMIUITests.swift */ = {isa = PBXFileReference; lastKnownFileType = sourcecode.swift; path = BMIUITests.swift; sourceTree = "<group>"; };
		EBC2C8D92A81E623008B0DB1 /* BMIUITestsLaunchTests.swift */ = {isa = PBXFileReference; lastKnownFileType = sourcecode.swift; path = BMIUITestsLaunchTests.swift; sourceTree = "<group>"; };
		EBC2C8E62A81E8B9008B0DB1 /* BMIViewController.swift */ = {isa = PBXFileReference; lastKnownFileType = sourcecode.swift; path = BMIViewController.swift; sourceTree = "<group>"; };
/* End PBXFileReference section */

/* Begin PBXFrameworksBuildPhase section */
		EBC2C8B02A81E61E008B0DB1 /* Frameworks */ = {
			isa = PBXFrameworksBuildPhase;
			buildActionMask = 2147483647;
			files = (
			);
			runOnlyForDeploymentPostprocessing = 0;
		};
		EBC2C8C62A81E623008B0DB1 /* Frameworks */ = {
			isa = PBXFrameworksBuildPhase;
			buildActionMask = 2147483647;
			files = (
			);
			runOnlyForDeploymentPostprocessing = 0;
		};
		EBC2C8D02A81E623008B0DB1 /* Frameworks */ = {
			isa = PBXFrameworksBuildPhase;
			buildActionMask = 2147483647;
			files = (
			);
			runOnlyForDeploymentPostprocessing = 0;
		};
/* End PBXFrameworksBuildPhase section */

/* Begin PBXGroup section */
		EBC2C8AA2A81E61E008B0DB1 = {
			isa = PBXGroup;
			children = (
				EBC2C8B52A81E61E008B0DB1 /* BMI */,
				EBC2C8CC2A81E623008B0DB1 /* BMITests */,
				EBC2C8D62A81E623008B0DB1 /* BMIUITests */,
				EBC2C8B42A81E61E008B0DB1 /* Products */,
			);
			sourceTree = "<group>";
		};
		EBC2C8B42A81E61E008B0DB1 /* Products */ = {
			isa = PBXGroup;
			children = (
				EBC2C8B32A81E61E008B0DB1 /* BMI.app */,
				EBC2C8C92A81E623008B0DB1 /* BMITests.xctest */,
				EBC2C8D32A81E623008B0DB1 /* BMIUITests.xctest */,
			);
			name = Products;
			sourceTree = "<group>";
		};
		EBC2C8B52A81E61E008B0DB1 /* BMI */ = {
			isa = PBXGroup;
			children = (
				EBC2C8B62A81E61E008B0DB1 /* AppDelegate.swift */,
				EBC2C8B82A81E61E008B0DB1 /* SceneDelegate.swift */,
				EBC2C8BA2A81E61E008B0DB1 /* ViewController.swift */,
				EBC2C8E62A81E8B9008B0DB1 /* BMIViewController.swift */,
				EBC2C8BC2A81E61E008B0DB1 /* Main.storyboard */,
				EBC2C8BF2A81E623008B0DB1 /* Assets.xcassets */,
				EBC2C8C12A81E623008B0DB1 /* LaunchScreen.storyboard */,
				EBC2C8C42A81E623008B0DB1 /* Info.plist */,
			);
			path = BMI;
			sourceTree = "<group>";
		};
		EBC2C8CC2A81E623008B0DB1 /* BMITests */ = {
			isa = PBXGroup;
			children = (
				EBC2C8CD2A81E623008B0DB1 /* BMITests.swift */,
			);
			path = BMITests;
			sourceTree = "<group>";
		};
		EBC2C8D62A81E623008B0DB1 /* BMIUITests */ = {
			isa = PBXGroup;
			children = (
				EBC2C8D72A81E623008B0DB1 /* BMIUITests.swift */,
				EBC2C8D92A81E623008B0DB1 /* BMIUITestsLaunchTests.swift */,
			);
			path = BMIUITests;
			sourceTree = "<group>";
		};
/* End PBXGroup section */

/* Begin PBXNativeTarget section */
		EBC2C8B22A81E61E008B0DB1 /* BMI */ = {
			isa = PBXNativeTarget;
			buildConfigurationList = EBC2C8DD2A81E623008B0DB1 /* Build configuration list for PBXNativeTarget "BMI" */;
			buildPhases = (
				EBC2C8AF2A81E61E008B0DB1 /* Sources */,
				EBC2C8B02A81E61E008B0DB1 /* Frameworks */,
				EBC2C8B12A81E61E008B0DB1 /* Resources */,
			);
			buildRules = (
			);
			dependencies = (
			);
			name = BMI;
			productName = BMI;
			productReference = EBC2C8B32A81E61E008B0DB1 /* BMI.app */;
			productType = "com.apple.product-type.application";
		};
		EBC2C8C82A81E623008B0DB1 /* BMITests */ = {
			isa = PBXNativeTarget;
			buildConfigurationList = EBC2C8E02A81E623008B0DB1 /* Build configuration list for PBXNativeTarget "BMITests" */;
			buildPhases = (
				EBC2C8C52A81E623008B0DB1 /* Sources */,
				EBC2C8C62A81E623008B0DB1 /* Frameworks */,
				EBC2C8C72A81E623008B0DB1 /* Resources */,
			);
			buildRules = (
			);
			dependencies = (
				EBC2C8CB2A81E623008B0DB1 /* PBXTargetDependency */,
			);
			name = BMITests;
			productName = BMITests;
			productReference = EBC2C8C92A81E623008B0DB1 /* BMITests.xctest */;
			productType = "com.apple.product-type.bundle.unit-test";
		};
		EBC2C8D22A81E623008B0DB1 /* BMIUITests */ = {
			isa = PBXNativeTarget;
			buildConfigurationList = EBC2C8E32A81E623008B0DB1 /* Build configuration list for PBXNativeTarget "BMIUITests" */;
			buildPhases = (
				EBC2C8CF2A81E623008B0DB1 /* Sources */,
				EBC2C8D02A81E623008B0DB1 /* Frameworks */,
				EBC2C8D12A81E623008B0DB1 /* Resources */,
			);
			buildRules = (
			);
			dependencies = (
				EBC2C8D52A81E623008B0DB1 /* PBXTargetDependency */,
			);
			name = BMIUITests;
			productName = BMIUITests;
			productReference = EBC2C8D32A81E623008B0DB1 /* BMIUITests.xctest */;
			productType = "com.apple.product-type.bundle.ui-testing";
		};
/* End PBXNativeTarget section */

/* Begin PBXProject section */
		EBC2C8AB2A81E61E008B0DB1 /* Project object */ = {
			isa = PBXProject;
			attributes = {
				BuildIndependentTargetsInParallel = 1;
				LastSwiftUpdateCheck = 1430;
				LastUpgradeCheck = 1430;
				TargetAttributes = {
					EBC2C8B22A81E61E008B0DB1 = {
						CreatedOnToolsVersion = 14.3.1;
					};
					EBC2C8C82A81E623008B0DB1 = {
						CreatedOnToolsVersion = 14.3.1;
						TestTargetID = EBC2C8B22A81E61E008B0DB1;
					};
					EBC2C8D22A81E623008B0DB1 = {
						CreatedOnToolsVersion = 14.3.1;
						TestTargetID = EBC2C8B22A81E61E008B0DB1;
					};
				};
			};
			buildConfigurationList = EBC2C8AE2A81E61E008B0DB1 /* Build configuration list for PBXProject "BMI" */;
			compatibilityVersion = "Xcode 14.0";
			developmentRegion = en;
			hasScannedForEncodings = 0;
			knownRegions = (
				en,
				Base,
			);
			mainGroup = EBC2C8AA2A81E61E008B0DB1;
			productRefGroup = EBC2C8B42A81E61E008B0DB1 /* Products */;
			projectDirPath = "";
			projectRoot = "";
			targets = (
				EBC2C8B22A81E61E008B0DB1 /* BMI */,
				EBC2C8C82A81E623008B0DB1 /* BMITests */,
				EBC2C8D22A81E623008B0DB1 /* BMIUITests */,
			);
		};
/* End PBXProject section */

/* Begin PBXResourcesBuildPhase section */
		EBC2C8B12A81E61E008B0DB1 /* Resources */ = {
			isa = PBXResourcesBuildPhase;
			buildActionMask = 2147483647;
			files = (
				EBC2C8C32A81E623008B0DB1 /* LaunchScreen.storyboard in Resources */,
				EBC2C8C02A81E623008B0DB1 /* Assets.xcassets in Resources */,
				EBC2C8BE2A81E61E008B0DB1 /* Main.storyboard in Resources */,
			);
			runOnlyForDeploymentPostprocessing = 0;
		};
		EBC2C8C72A81E623008B0DB1 /* Resources */ = {
			isa = PBXResourcesBuildPhase;
			buildActionMask = 2147483647;
			files = (
			);
			runOnlyForDeploymentPostprocessing = 0;
		};
		EBC2C8D12A81E623008B0DB1 /* Resources */ = {
			isa = PBXResourcesBuildPhase;
			buildActionMask = 2147483647;
			files = (
			);
			runOnlyForDeploymentPostprocessing = 0;
		};
/* End PBXResourcesBuildPhase section */

/* Begin PBXSourcesBuildPhase section */
		EBC2C8AF2A81E61E008B0DB1 /* Sources */ = {
			isa = PBXSourcesBuildPhase;
			buildActionMask = 2147483647;
			files = (
				EBC2C8BB2A81E61E008B0DB1 /* ViewController.swift in Sources */,
				EBC2C8E72A81E8B9008B0DB1 /* BMIViewController.swift in Sources */,
				EBC2C8B72A81E61E008B0DB1 /* AppDelegate.swift in Sources */,
				EBC2C8B92A81E61E008B0DB1 /* SceneDelegate.swift in Sources */,
			);
			runOnlyForDeploymentPostprocessing = 0;
		};
		EBC2C8C52A81E623008B0DB1 /* Sources */ = {
			isa = PBXSourcesBuildPhase;
			buildActionMask = 2147483647;
			files = (
				EBC2C8CE2A81E623008B0DB1 /* BMITests.swift in Sources */,
			);
			runOnlyForDeploymentPostprocessing = 0;
		};
		EBC2C8CF2A81E623008B0DB1 /* Sources */ = {
			isa = PBXSourcesBuildPhase;
			buildActionMask = 2147483647;
			files = (
				EBC2C8D82A81E623008B0DB1 /* BMIUITests.swift in Sources */,
				EBC2C8DA2A81E623008B0DB1 /* BMIUITestsLaunchTests.swift in Sources */,
			);
			runOnlyForDeploymentPostprocessing = 0;
		};
/* End PBXSourcesBuildPhase section */

/* Begin PBXTargetDependency section */
		EBC2C8CB2A81E623008B0DB1 /* PBXTargetDependency */ = {
			isa = PBXTargetDependency;
			target = EBC2C8B22A81E61E008B0DB1 /* BMI */;
			targetProxy = EBC2C8CA2A81E623008B0DB1 /* PBXContainerItemProxy */;
		};
		EBC2C8D52A81E623008B0DB1 /* PBXTargetDependency */ = {
			isa = PBXTargetDependency;
			target = EBC2C8B22A81E61E008B0DB1 /* BMI */;
			targetProxy = EBC2C8D42A81E623008B0DB1 /* PBXContainerItemProxy */;
		};
/* End PBXTargetDependency section */

/* Begin PBXVariantGroup section */
		EBC2C8BC2A81E61E008B0DB1 /* Main.storyboard */ = {
			isa = PBXVariantGroup;
			children = (
				EBC2C8BD2A81E61E008B0DB1 /* Base */,
			);
			name = Main.storyboard;
			sourceTree = "<group>";
		};
		EBC2C8C12A81E623008B0DB1 /* LaunchScreen.storyboard */ = {
			isa = PBXVariantGroup;
			children = (
				EBC2C8C22A81E623008B0DB1 /* Base */,
			);
			name = LaunchScreen.storyboard;
			sourceTree = "<group>";
		};
/* End PBXVariantGroup section */

/* Begin XCBuildConfiguration section */
		EBC2C8DB2A81E623008B0DB1 /* Debug */ = {
			isa = XCBuildConfiguration;
			buildSettings = {
				ALWAYS_SEARCH_USER_PATHS = NO;
				CLANG_ANALYZER_NONNULL = YES;
				CLANG_ANALYZER_NUMBER_OBJECT_CONVERSION = YES_AGGRESSIVE;
				CLANG_CXX_LANGUAGE_STANDARD = "gnu++20";
				CLANG_ENABLE_MODULES = YES;
				CLANG_ENABLE_OBJC_ARC = YES;
				CLANG_ENABLE_OBJC_WEAK = YES;
				CLANG_WARN_BLOCK_CAPTURE_AUTORELEASING = YES;
				CLANG_WARN_BOOL_CONVERSION = YES;
				CLANG_WARN_COMMA = YES;
				CLANG_WARN_CONSTANT_CONVERSION = YES;
				CLANG_WARN_DEPRECATED_OBJC_IMPLEMENTATIONS = YES;
				CLANG_WARN_DIRECT_OBJC_ISA_USAGE = YES_ERROR;
				CLANG_WARN_DOCUMENTATION_COMMENTS = YES;
				CLANG_WARN_EMPTY_BODY = YES;
				CLANG_WARN_ENUM_CONVERSION = YES;
				CLANG_WARN_INFINITE_RECURSION = YES;
				CLANG_WARN_INT_CONVERSION = YES;
				CLANG_WARN_NON_LITERAL_NULL_CONVERSION = YES;
				CLANG_WARN_OBJC_IMPLICIT_RETAIN_SELF = YES;
				CLANG_WARN_OBJC_LITERAL_CONVERSION = YES;
				CLANG_WARN_OBJC_ROOT_CLASS = YES_ERROR;
				CLANG_WARN_QUOTED_INCLUDE_IN_FRAMEWORK_HEADER = YES;
				CLANG_WARN_RANGE_LOOP_ANALYSIS = YES;
				CLANG_WARN_STRICT_PROTOTYPES = YES;
				CLANG_WARN_SUSPICIOUS_MOVE = YES;
				CLANG_WARN_UNGUARDED_AVAILABILITY = YES_AGGRESSIVE;
				CLANG_WARN_UNREACHABLE_CODE = YES;
				CLANG_WARN__DUPLICATE_METHOD_MATCH = YES;
				COPY_PHASE_STRIP = NO;
				DEBUG_INFORMATION_FORMAT = dwarf;
				ENABLE_STRICT_OBJC_MSGSEND = YES;
				ENABLE_TESTABILITY = YES;
				GCC_C_LANGUAGE_STANDARD = gnu11;
				GCC_DYNAMIC_NO_PIC = NO;
				GCC_NO_COMMON_BLOCKS = YES;
				GCC_OPTIMIZATION_LEVEL = 0;
				GCC_PREPROCESSOR_DEFINITIONS = (
					"DEBUG=1",
					"$(inherited)",
				);
				GCC_WARN_64_TO_32_BIT_CONVERSION = YES;
				GCC_WARN_ABOUT_RETURN_TYPE = YES_ERROR;
				GCC_WARN_UNDECLARED_SELECTOR = YES;
				GCC_WARN_UNINITIALIZED_AUTOS = YES_AGGRESSIVE;
				GCC_WARN_UNUSED_FUNCTION = YES;
				GCC_WARN_UNUSED_VARIABLE = YES;
				IPHONEOS_DEPLOYMENT_TARGET = 16.4;
				MTL_ENABLE_DEBUG_INFO = INCLUDE_SOURCE;
				MTL_FAST_MATH = YES;
				ONLY_ACTIVE_ARCH = YES;
				SDKROOT = iphoneos;
				SWIFT_ACTIVE_COMPILATION_CONDITIONS = DEBUG;
				SWIFT_OPTIMIZATION_LEVEL = "-Onone";
			};
			name = Debug;
		};
		EBC2C8DC2A81E623008B0DB1 /* Release */ = {
			isa = XCBuildConfiguration;
			buildSettings = {
				ALWAYS_SEARCH_USER_PATHS = NO;
				CLANG_ANALYZER_NONNULL = YES;
				CLANG_ANALYZER_NUMBER_OBJECT_CONVERSION = YES_AGGRESSIVE;
				CLANG_CXX_LANGUAGE_STANDARD = "gnu++20";
				CLANG_ENABLE_MODULES = YES;
				CLANG_ENABLE_OBJC_ARC = YES;
				CLANG_ENABLE_OBJC_WEAK = YES;
				CLANG_WARN_BLOCK_CAPTURE_AUTORELEASING = YES;
				CLANG_WARN_BOOL_CONVERSION = YES;
				CLANG_WARN_COMMA = YES;
				CLANG_WARN_CONSTANT_CONVERSION = YES;
				CLANG_WARN_DEPRECATED_OBJC_IMPLEMENTATIONS = YES;
				CLANG_WARN_DIRECT_OBJC_ISA_USAGE = YES_ERROR;
				CLANG_WARN_DOCUMENTATION_COMMENTS = YES;
				CLANG_WARN_EMPTY_BODY = YES;
				CLANG_WARN_ENUM_CONVERSION = YES;
				CLANG_WARN_INFINITE_RECURSION = YES;
				CLANG_WARN_INT_CONVERSION = YES;
				CLANG_WARN_NON_LITERAL_NULL_CONVERSION = YES;
				CLANG_WARN_OBJC_IMPLICIT_RETAIN_SELF = YES;
				CLANG_WARN_OBJC_LITERAL_CONVERSION = YES;
				CLANG_WARN_OBJC_ROOT_CLASS = YES_ERROR;
				CLANG_WARN_QUOTED_INCLUDE_IN_FRAMEWORK_HEADER = YES;
				CLANG_WARN_RANGE_LOOP_ANALYSIS = YES;
				CLANG_WARN_STRICT_PROTOTYPES = YES;
				CLANG_WARN_SUSPICIOUS_MOVE = YES;
				CLANG_WARN_UNGUARDED_AVAILABILITY = YES_AGGRESSIVE;
				CLANG_WARN_UNREACHABLE_CODE = YES;
				CLANG_WARN__DUPLICATE_METHOD_MATCH = YES;
				COPY_PHASE_STRIP = NO;
				DEBUG_INFORMATION_FORMAT = "dwarf-with-dsym";
				ENABLE_NS_ASSERTIONS = NO;
				ENABLE_STRICT_OBJC_MSGSEND = YES;
				GCC_C_LANGUAGE_STANDARD = gnu11;
				GCC_NO_COMMON_BLOCKS = YES;
				GCC_WARN_64_TO_32_BIT_CONVERSION = YES;
				GCC_WARN_ABOUT_RETURN_TYPE = YES_ERROR;
				GCC_WARN_UNDECLARED_SELECTOR = YES;
				GCC_WARN_UNINITIALIZED_AUTOS = YES_AGGRESSIVE;
				GCC_WARN_UNUSED_FUNCTION = YES;
				GCC_WARN_UNUSED_VARIABLE = YES;
				IPHONEOS_DEPLOYMENT_TARGET = 16.4;
				MTL_ENABLE_DEBUG_INFO = NO;
				MTL_FAST_MATH = YES;
				SDKROOT = iphoneos;
				SWIFT_COMPILATION_MODE = wholemodule;
				SWIFT_OPTIMIZATION_LEVEL = "-O";
				VALIDATE_PRODUCT = YES;
			};
			name = Release;
		};
		EBC2C8DE2A81E623008B0DB1 /* Debug */ = {
			isa = XCBuildConfiguration;
			buildSettings = {
				ASSETCATALOG_COMPILER_APPICON_NAME = AppIcon;
				ASSETCATALOG_COMPILER_GLOBAL_ACCENT_COLOR_NAME = AccentColor;
				CODE_SIGN_STYLE = Automatic;
				CURRENT_PROJECT_VERSION = 1;
				DEVELOPMENT_TEAM = QDTB4WL24B;
				GENERATE_INFOPLIST_FILE = YES;
				INFOPLIST_FILE = BMI/Info.plist;
				INFOPLIST_KEY_UIApplicationSupportsIndirectInputEvents = YES;
				INFOPLIST_KEY_UILaunchStoryboardName = LaunchScreen;
				INFOPLIST_KEY_UIMainStoryboardFile = Main;
				INFOPLIST_KEY_UISupportedInterfaceOrientations_iPad = "UIInterfaceOrientationLandscapeLeft UIInterfaceOrientationLandscapeRight UIInterfaceOrientationPortrait UIInterfaceOrientationPortraitUpsideDown";
				IPHONEOS_DEPLOYMENT_TARGET = 13.0;
				LD_RUNPATH_SEARCH_PATHS = (
					"$(inherited)",
					"@executable_path/Frameworks",
				);
				MARKETING_VERSION = 1.0;
				PRODUCT_BUNDLE_IDENTIFIER = com.infrunEllenStudy.BMI;
				PRODUCT_NAME = "$(TARGET_NAME)";
				SWIFT_EMIT_LOC_STRINGS = YES;
				SWIFT_VERSION = 5.0;
				TARGETED_DEVICE_FAMILY = "1,2";
			};
			name = Debug;
		};
		EBC2C8DF2A81E623008B0DB1 /* Release */ = {
			isa = XCBuildConfiguration;
			buildSettings = {
				ASSETCATALOG_COMPILER_APPICON_NAME = AppIcon;
				ASSETCATALOG_COMPILER_GLOBAL_ACCENT_COLOR_NAME = AccentColor;
				CODE_SIGN_STYLE = Automatic;
				CURRENT_PROJECT_VERSION = 1;
				DEVELOPMENT_TEAM = QDTB4WL24B;
				GENERATE_INFOPLIST_FILE = YES;
				INFOPLIST_FILE = BMI/Info.plist;
				INFOPLIST_KEY_UIApplicationSupportsIndirectInputEvents = YES;
				INFOPLIST_KEY_UILaunchStoryboardName = LaunchScreen;
				INFOPLIST_KEY_UIMainStoryboardFile = Main;
				INFOPLIST_KEY_UISupportedInterfaceOrientations_iPad = "UIInterfaceOrientationLandscapeLeft UIInterfaceOrientationLandscapeRight UIInterfaceOrientationPortrait UIInterfaceOrientationPortraitUpsideDown";
				IPHONEOS_DEPLOYMENT_TARGET = 13.0;
				LD_RUNPATH_SEARCH_PATHS = (
					"$(inherited)",
					"@executable_path/Frameworks",
				);
				MARKETING_VERSION = 1.0;
				PRODUCT_BUNDLE_IDENTIFIER = com.infrunEllenStudy.BMI;
				PRODUCT_NAME = "$(TARGET_NAME)";
				SWIFT_EMIT_LOC_STRINGS = YES;
				SWIFT_VERSION = 5.0;
				TARGETED_DEVICE_FAMILY = "1,2";
			};
			name = Release;
		};
		EBC2C8E12A81E623008B0DB1 /* Debug */ = {
			isa = XCBuildConfiguration;
			buildSettings = {
				ALWAYS_EMBED_SWIFT_STANDARD_LIBRARIES = YES;
				BUNDLE_LOADER = "$(TEST_HOST)";
				CODE_SIGN_STYLE = Automatic;
				CURRENT_PROJECT_VERSION = 1;
				DEVELOPMENT_TEAM = QDTB4WL24B;
				GENERATE_INFOPLIST_FILE = YES;
				IPHONEOS_DEPLOYMENT_TARGET = 16.4;
				MARKETING_VERSION = 1.0;
				PRODUCT_BUNDLE_IDENTIFIER = com.infrunEllenStudy.BMITests;
				PRODUCT_NAME = "$(TARGET_NAME)";
				SWIFT_EMIT_LOC_STRINGS = NO;
				SWIFT_VERSION = 5.0;
				TARGETED_DEVICE_FAMILY = "1,2";
				TEST_HOST = "$(BUILT_PRODUCTS_DIR)/BMI.app/$(BUNDLE_EXECUTABLE_FOLDER_PATH)/BMI";
			};
			name = Debug;
		};
		EBC2C8E22A81E623008B0DB1 /* Release */ = {
			isa = XCBuildConfiguration;
			buildSettings = {
				ALWAYS_EMBED_SWIFT_STANDARD_LIBRARIES = YES;
				BUNDLE_LOADER = "$(TEST_HOST)";
				CODE_SIGN_STYLE = Automatic;
				CURRENT_PROJECT_VERSION = 1;
				DEVELOPMENT_TEAM = QDTB4WL24B;
				GENERATE_INFOPLIST_FILE = YES;
				IPHONEOS_DEPLOYMENT_TARGET = 16.4;
				MARKETING_VERSION = 1.0;
				PRODUCT_BUNDLE_IDENTIFIER = com.infrunEllenStudy.BMITests;
				PRODUCT_NAME = "$(TARGET_NAME)";
				SWIFT_EMIT_LOC_STRINGS = NO;
				SWIFT_VERSION = 5.0;
				TARGETED_DEVICE_FAMILY = "1,2";
				TEST_HOST = "$(BUILT_PRODUCTS_DIR)/BMI.app/$(BUNDLE_EXECUTABLE_FOLDER_PATH)/BMI";
			};
			name = Release;
		};
		EBC2C8E42A81E623008B0DB1 /* Debug */ = {
			isa = XCBuildConfiguration;
			buildSettings = {
				ALWAYS_EMBED_SWIFT_STANDARD_LIBRARIES = YES;
				CODE_SIGN_STYLE = Automatic;
				CURRENT_PROJECT_VERSION = 1;
				DEVELOPMENT_TEAM = QDTB4WL24B;
				GENERATE_INFOPLIST_FILE = YES;
				MARKETING_VERSION = 1.0;
				PRODUCT_BUNDLE_IDENTIFIER = com.infrunEllenStudy.BMIUITests;
				PRODUCT_NAME = "$(TARGET_NAME)";
				SWIFT_EMIT_LOC_STRINGS = NO;
				SWIFT_VERSION = 5.0;
				TARGETED_DEVICE_FAMILY = "1,2";
				TEST_TARGET_NAME = BMI;
			};
			name = Debug;
		};
		EBC2C8E52A81E623008B0DB1 /* Release */ = {
			isa = XCBuildConfiguration;
			buildSettings = {
				ALWAYS_EMBED_SWIFT_STANDARD_LIBRARIES = YES;
				CODE_SIGN_STYLE = Automatic;
				CURRENT_PROJECT_VERSION = 1;
				DEVELOPMENT_TEAM = QDTB4WL24B;
				GENERATE_INFOPLIST_FILE = YES;
				MARKETING_VERSION = 1.0;
				PRODUCT_BUNDLE_IDENTIFIER = com.infrunEllenStudy.BMIUITests;
				PRODUCT_NAME = "$(TARGET_NAME)";
				SWIFT_EMIT_LOC_STRINGS = NO;
				SWIFT_VERSION = 5.0;
				TARGETED_DEVICE_FAMILY = "1,2";
				TEST_TARGET_NAME = BMI;
			};
			name = Release;
		};
/* End XCBuildConfiguration section */

/* Begin XCConfigurationList section */
		EBC2C8AE2A81E61E008B0DB1 /* Build configuration list for PBXProject "BMI" */ = {
			isa = XCConfigurationList;
			buildConfigurations = (
				EBC2C8DB2A81E623008B0DB1 /* Debug */,
				EBC2C8DC2A81E623008B0DB1 /* Release */,
			);
			defaultConfigurationIsVisible = 0;
			defaultConfigurationName = Release;
		};
		EBC2C8DD2A81E623008B0DB1 /* Build configuration list for PBXNativeTarget "BMI" */ = {
			isa = XCConfigurationList;
			buildConfigurations = (
				EBC2C8DE2A81E623008B0DB1 /* Debug */,
				EBC2C8DF2A81E623008B0DB1 /* Release */,
			);
			defaultConfigurationIsVisible = 0;
			defaultConfigurationName = Release;
		};
		EBC2C8E02A81E623008B0DB1 /* Build configuration list for PBXNativeTarget "BMITests" */ = {
			isa = XCConfigurationList;
			buildConfigurations = (
				EBC2C8E12A81E623008B0DB1 /* Debug */,
				EBC2C8E22A81E623008B0DB1 /* Release */,
			);
			defaultConfigurationIsVisible = 0;
			defaultConfigurationName = Release;
		};
		EBC2C8E32A81E623008B0DB1 /* Build configuration list for PBXNativeTarget "BMIUITests" */ = {
			isa = XCConfigurationList;
			buildConfigurations = (
				EBC2C8E42A81E623008B0DB1 /* Debug */,
				EBC2C8E52A81E623008B0DB1 /* Release */,
			);
			defaultConfigurationIsVisible = 0;
			defaultConfigurationName = Release;
		};
/* End XCConfigurationList section */
	};
	rootObject = EBC2C8AB2A81E61E008B0DB1 /* Project object */;
}
